// !$*UTF8*$!
{
	archiveVersion = 1;
	classes = {
	};
	objectVersion = 50;
	objects = {

/* Begin PBXBuildFile section */
		A300B67621A8F3ED00762D82 /* main.cpp in Sources */ = {isa = PBXBuildFile; fileRef = A300B67521A8F3ED00762D82 /* main.cpp */; };
		A300B68021A8F41C00762D82 /* OpenGL.framework in Frameworks */ = {isa = PBXBuildFile; fileRef = A300B67D21A8F41C00762D82 /* OpenGL.framework */; };
		A300B68121A8F41C00762D82 /* GLKit.framework in Frameworks */ = {isa = PBXBuildFile; fileRef = A300B67E21A8F41C00762D82 /* GLKit.framework */; };
		A300B68221A8F41C00762D82 /* GLUT.framework in Frameworks */ = {isa = PBXBuildFile; fileRef = A300B67F21A8F41C00762D82 /* GLUT.framework */; };
/* End PBXBuildFile section */

/* Begin PBXCopyFilesBuildPhase section */
		A300B67021A8F3ED00762D82 /* CopyFiles */ = {
			isa = PBXCopyFilesBuildPhase;
			buildActionMask = 2147483647;
			dstPath = /usr/share/man/man1/;
			dstSubfolderSpec = 0;
			files = (
			);
			runOnlyForDeploymentPostprocessing = 1;
		};
/* End PBXCopyFilesBuildPhase section */

/* Begin PBXFileReference section */
		A300B67221A8F3ED00762D82 /* Breakout */ = {isa = PBXFileReference; explicitFileType = "compiled.mach-o.executable"; includeInIndex = 0; path = Breakout; sourceTree = BUILT_PRODUCTS_DIR; };
		A300B67521A8F3ED00762D82 /* main.cpp */ = {isa = PBXFileReference; lastKnownFileType = sourcecode.cpp.cpp; path = main.cpp; sourceTree = "<group>"; };
		A300B67D21A8F41C00762D82 /* OpenGL.framework */ = {isa = PBXFileReference; lastKnownFileType = wrapper.framework; name = OpenGL.framework; path = System/Library/Frameworks/OpenGL.framework; sourceTree = SDKROOT; };
		A300B67E21A8F41C00762D82 /* GLKit.framework */ = {isa = PBXFileReference; lastKnownFileType = wrapper.framework; name = GLKit.framework; path = System/Library/Frameworks/GLKit.framework; sourceTree = SDKROOT; };
		A300B67F21A8F41C00762D82 /* GLUT.framework */ = {isa = PBXFileReference; lastKnownFileType = wrapper.framework; name = GLUT.framework; path = System/Library/Frameworks/GLUT.framework; sourceTree = SDKROOT; };
		A300B68321AA7E2F00762D82 /* Camera.h */ = {isa = PBXFileReference; lastKnownFileType = sourcecode.c.h; path = Camera.h; sourceTree = "<group>"; };
		A300B68421AA87EF00762D82 /* Vector3d.h */ = {isa = PBXFileReference; lastKnownFileType = sourcecode.c.h; path = Vector3d.h; sourceTree = "<group>"; };
		A300B68521AA8AD700762D82 /* Solid.h */ = {isa = PBXFileReference; lastKnownFileType = sourcecode.c.h; path = Solid.h; sourceTree = "<group>"; };
		A300B68621AA8AFA00762D82 /* Scene.h */ = {isa = PBXFileReference; lastKnownFileType = sourcecode.c.h; path = Scene.h; sourceTree = "<group>"; };
		A300B68721AA8BE600762D82 /* Cube.h */ = {isa = PBXFileReference; lastKnownFileType = sourcecode.c.h; path = Cube.h; sourceTree = "<group>"; };
		A300B68821AA8BF600762D82 /* Sphere.h */ = {isa = PBXFileReference; lastKnownFileType = sourcecode.c.h; path = Sphere.h; sourceTree = "<group>"; };
		A300B68921AA8C3A00762D82 /* Paddle.h */ = {isa = PBXFileReference; lastKnownFileType = sourcecode.c.h; path = Paddle.h; sourceTree = "<group>"; };
		A300B68A21AA8C4700762D82 /* Brick.h */ = {isa = PBXFileReference; lastKnownFileType = sourcecode.c.h; path = Brick.h; sourceTree = "<group>"; };
		A300B68B21AA8C7D00762D82 /* Ball.h */ = {isa = PBXFileReference; lastKnownFileType = sourcecode.c.h; path = Ball.h; sourceTree = "<group>"; };
/* End PBXFileReference section */

/* Begin PBXFrameworksBuildPhase section */
		A300B66F21A8F3ED00762D82 /* Frameworks */ = {
			isa = PBXFrameworksBuildPhase;
			buildActionMask = 2147483647;
			files = (
				A300B68021A8F41C00762D82 /* OpenGL.framework in Frameworks */,
				A300B68121A8F41C00762D82 /* GLKit.framework in Frameworks */,
				A300B68221A8F41C00762D82 /* GLUT.framework in Frameworks */,
			);
			runOnlyForDeploymentPostprocessing = 0;
		};
/* End PBXFrameworksBuildPhase section */

/* Begin PBXGroup section */
		A300B66921A8F3ED00762D82 = {
			isa = PBXGroup;
			children = (
				A300B67421A8F3ED00762D82 /* Breakout */,
				A300B67321A8F3ED00762D82 /* Products */,
				A300B67C21A8F41C00762D82 /* Frameworks */,
			);
			sourceTree = "<group>";
		};
		A300B67321A8F3ED00762D82 /* Products */ = {
			isa = PBXGroup;
			children = (
				A300B67221A8F3ED00762D82 /* Breakout */,
			);
			name = Products;
			sourceTree = "<group>";
		};
		A300B67421A8F3ED00762D82 /* Breakout */ = {
			isa = PBXGroup;
			children = (
				A300B67521A8F3ED00762D82 /* main.cpp */,
				A300B68321AA7E2F00762D82 /* Camera.h */,
				A300B68421AA87EF00762D82 /* Vector3d.h */,
				A300B68521AA8AD700762D82 /* Solid.h */,
				A300B68621AA8AFA00762D82 /* Scene.h */,
				A300B68721AA8BE600762D82 /* Cube.h */,
				A300B68821AA8BF600762D82 /* Sphere.h */,
				A300B68921AA8C3A00762D82 /* Paddle.h */,
				A300B68A21AA8C4700762D82 /* Brick.h */,
				A300B68B21AA8C7D00762D82 /* Ball.h */,
			);
			path = Breakout;
			sourceTree = "<group>";
		};
		A300B67C21A8F41C00762D82 /* Frameworks */ = {
			isa = PBXGroup;
			children = (
				A300B67E21A8F41C00762D82 /* GLKit.framework */,
				A300B67F21A8F41C00762D82 /* GLUT.framework */,
				A300B67D21A8F41C00762D82 /* OpenGL.framework */,
			);
			name = Frameworks;
			sourceTree = "<group>";
		};
/* End PBXGroup section */

/* Begin PBXNativeTarget section */
		A300B67121A8F3ED00762D82 /* Breakout */ = {
			isa = PBXNativeTarget;
			buildConfigurationList = A300B67921A8F3ED00762D82 /* Build configuration list for PBXNativeTarget "Breakout" */;
			buildPhases = (
				A300B66E21A8F3ED00762D82 /* Sources */,
				A300B66F21A8F3ED00762D82 /* Frameworks */,
				A300B67021A8F3ED00762D82 /* CopyFiles */,
			);
			buildRules = (
			);
			dependencies = (
			);
			name = Breakout;
			productName = Breakout;
			productReference = A300B67221A8F3ED00762D82 /* Breakout */;
			productType = "com.apple.product-type.tool";
		};
/* End PBXNativeTarget section */

/* Begin PBXProject section */
		A300B66A21A8F3ED00762D82 /* Project object */ = {
			isa = PBXProject;
			attributes = {
				LastUpgradeCheck = 1010;
				ORGANIZATIONNAME = "Iram Diaz Reyes";
				TargetAttributes = {
					A300B67121A8F3ED00762D82 = {
						CreatedOnToolsVersion = 10.1;
					};
				};
			};
			buildConfigurationList = A300B66D21A8F3ED00762D82 /* Build configuration list for PBXProject "Breakout" */;
			compatibilityVersion = "Xcode 9.3";
			developmentRegion = en;
			hasScannedForEncodings = 0;
			knownRegions = (
				en,
			);
			mainGroup = A300B66921A8F3ED00762D82;
			productRefGroup = A300B67321A8F3ED00762D82 /* Products */;
			projectDirPath = "";
			projectRoot = "";
			targets = (
				A300B67121A8F3ED00762D82 /* Breakout */,
			);
		};
/* End PBXProject section */

/* Begin PBXSourcesBuildPhase section */
		A300B66E21A8F3ED00762D82 /* Sources */ = {
			isa = PBXSourcesBuildPhase;
			buildActionMask = 2147483647;
			files = (
				A300B67621A8F3ED00762D82 /* main.cpp in Sources */,
			);
			runOnlyForDeploymentPostprocessing = 0;
		};
/* End PBXSourcesBuildPhase section */

/* Begin XCBuildConfiguration section */
		A300B67721A8F3ED00762D82 /* Debug */ = {
			isa = XCBuildConfiguration;
			buildSettings = {
				ALWAYS_SEARCH_USER_PATHS = NO;
				CLANG_ANALYZER_NONNULL = YES;
				CLANG_ANALYZER_NUMBER_OBJECT_CONVERSION = YES_AGGRESSIVE;
				CLANG_CXX_LANGUAGE_STANDARD = "gnu++14";
				CLANG_CXX_LIBRARY = "libc++";
				CLANG_ENABLE_MODULES = YES;
				CLANG_ENABLE_OBJC_ARC = YES;
				CLANG_ENABLE_OBJC_WEAK = YES;
				CLANG_WARN_BLOCK_CAPTURE_AUTORELEASING = YES;
				CLANG_WARN_BOOL_CONVERSION = YES;
				CLANG_WARN_COMMA = YES;
				CLANG_WARN_CONSTANT_CONVERSION = YES;
				CLANG_WARN_DEPRECATED_OBJC_IMPLEMENTATIONS = YES;
				CLANG_WARN_DIRECT_OBJC_ISA_USAGE = YES_ERROR;
				CLANG_WARN_DOCUMENTATION_COMMENTS = YES;
				CLANG_WARN_EMPTY_BODY = YES;
				CLANG_WARN_ENUM_CONVERSION = YES;
				CLANG_WARN_INFINITE_RECURSION = YES;
				CLANG_WARN_INT_CONVERSION = YES;
				CLANG_WARN_NON_LITERAL_NULL_CONVERSION = YES;
				CLANG_WARN_OBJC_IMPLICIT_RETAIN_SELF = YES;
				CLANG_WARN_OBJC_LITERAL_CONVERSION = YES;
				CLANG_WARN_OBJC_ROOT_CLASS = YES_ERROR;
				CLANG_WARN_RANGE_LOOP_ANALYSIS = YES;
				CLANG_WARN_STRICT_PROTOTYPES = YES;
				CLANG_WARN_SUSPICIOUS_MOVE = YES;
				CLANG_WARN_UNGUARDED_AVAILABILITY = YES_AGGRESSIVE;
				CLANG_WARN_UNREACHABLE_CODE = YES;
				CLANG_WARN__DUPLICATE_METHOD_MATCH = YES;
				CODE_SIGN_IDENTITY = "-";
				COPY_PHASE_STRIP = NO;
				DEBUG_INFORMATION_FORMAT = dwarf;
				ENABLE_STRICT_OBJC_MSGSEND = YES;
				ENABLE_TESTABILITY = YES;
				GCC_C_LANGUAGE_STANDARD = gnu11;
				GCC_DYNAMIC_NO_PIC = NO;
				GCC_NO_COMMON_BLOCKS = YES;
				GCC_OPTIMIZATION_LEVEL = 0;
				GCC_PREPROCESSOR_DEFINITIONS = (
					"DEBUG=1",
					"$(inherited)",
				);
				GCC_WARN_64_TO_32_BIT_CONVERSION = YES;
				GCC_WARN_ABOUT_RETURN_TYPE = YES_ERROR;
				GCC_WARN_UNDECLARED_SELECTOR = YES;
				GCC_WARN_UNINITIALIZED_AUTOS = YES_AGGRESSIVE;
				GCC_WARN_UNUSED_FUNCTION = YES;
				GCC_WARN_UNUSED_VARIABLE = YES;
				MACOSX_DEPLOYMENT_TARGET = 10.8;
				MTL_ENABLE_DEBUG_INFO = INCLUDE_SOURCE;
				MTL_FAST_MATH = YES;
				ONLY_ACTIVE_ARCH = YES;
				SDKROOT = macosx;
			};
			name = Debug;
		};
		A300B67821A8F3ED00762D82 /* Release */ = {
			isa = XCBuildConfiguration;
			buildSettings = {
				ALWAYS_SEARCH_USER_PATHS = NO;
				CLANG_ANALYZER_NONNULL = YES;
				CLANG_ANALYZER_NUMBER_OBJECT_CONVERSION = YES_AGGRESSIVE;
				CLANG_CXX_LANGUAGE_STANDARD = "gnu++14";
				CLANG_CXX_LIBRARY = "libc++";
				CLANG_ENABLE_MODULES = YES;
				CLANG_ENABLE_OBJC_ARC = YES;
				CLANG_ENABLE_OBJC_WEAK = YES;
				CLANG_WARN_BLOCK_CAPTURE_AUTORELEASING = YES;
				CLANG_WARN_BOOL_CONVERSION = YES;
				CLANG_WARN_COMMA = YES;
				CLANG_WARN_CONSTANT_CONVERSION = YES;
				CLANG_WARN_DEPRECATED_OBJC_IMPLEMENTATIONS = YES;
				CLANG_WARN_DIRECT_OBJC_ISA_USAGE = YES_ERROR;
				CLANG_WARN_DOCUMENTATION_COMMENTS = YES;
				CLANG_WARN_EMPTY_BODY = YES;
				CLANG_WARN_ENUM_CONVERSION = YES;
				CLANG_WARN_INFINITE_RECURSION = YES;
				CLANG_WARN_INT_CONVERSION = YES;
				CLANG_WARN_NON_LITERAL_NULL_CONVERSION = YES;
				CLANG_WARN_OBJC_IMPLICIT_RETAIN_SELF = YES;
				CLANG_WARN_OBJC_LITERAL_CONVERSION = YES;
				CLANG_WARN_OBJC_ROOT_CLASS = YES_ERROR;
				CLANG_WARN_RANGE_LOOP_ANALYSIS = YES;
				CLANG_WARN_STRICT_PROTOTYPES = YES;
				CLANG_WARN_SUSPICIOUS_MOVE = YES;
				CLANG_WARN_UNGUARDED_AVAILABILITY = YES_AGGRESSIVE;
				CLANG_WARN_UNREACHABLE_CODE = YES;
				CLANG_WARN__DUPLICATE_METHOD_MATCH = YES;
				CODE_SIGN_IDENTITY = "-";
				COPY_PHASE_STRIP = NO;
				DEBUG_INFORMATION_FORMAT = "dwarf-with-dsym";
				ENABLE_NS_ASSERTIONS = NO;
				ENABLE_STRICT_OBJC_MSGSEND = YES;
				GCC_C_LANGUAGE_STANDARD = gnu11;
				GCC_NO_COMMON_BLOCKS = YES;
				GCC_WARN_64_TO_32_BIT_CONVERSION = YES;
				GCC_WARN_ABOUT_RETURN_TYPE = YES_ERROR;
				GCC_WARN_UNDECLARED_SELECTOR = YES;
				GCC_WARN_UNINITIALIZED_AUTOS = YES_AGGRESSIVE;
				GCC_WARN_UNUSED_FUNCTION = YES;
				GCC_WARN_UNUSED_VARIABLE = YES;
				MACOSX_DEPLOYMENT_TARGET = 10.8;
				MTL_ENABLE_DEBUG_INFO = NO;
				MTL_FAST_MATH = YES;
				SDKROOT = macosx;
			};
			name = Release;
		};
		A300B67A21A8F3ED00762D82 /* Debug */ = {
			isa = XCBuildConfiguration;
			buildSettings = {
				CODE_SIGN_STYLE = Automatic;
				PRODUCT_NAME = "$(TARGET_NAME)";
			};
			name = Debug;
		};
		A300B67B21A8F3ED00762D82 /* Release */ = {
			isa = XCBuildConfiguration;
			buildSettings = {
				CODE_SIGN_STYLE = Automatic;
				PRODUCT_NAME = "$(TARGET_NAME)";
			};
			name = Release;
		};
/* End XCBuildConfiguration section */

/* Begin XCConfigurationList section */
		A300B66D21A8F3ED00762D82 /* Build configuration list for PBXProject "Breakout" */ = {
			isa = XCConfigurationList;
			buildConfigurations = (
				A300B67721A8F3ED00762D82 /* Debug */,
				A300B67821A8F3ED00762D82 /* Release */,
			);
			defaultConfigurationIsVisible = 0;
			defaultConfigurationName = Release;
		};
		A300B67921A8F3ED00762D82 /* Build configuration list for PBXNativeTarget "Breakout" */ = {
			isa = XCConfigurationList;
			buildConfigurations = (
				A300B67A21A8F3ED00762D82 /* Debug */,
				A300B67B21A8F3ED00762D82 /* Release */,
			);
			defaultConfigurationIsVisible = 0;
			defaultConfigurationName = Release;
		};
/* End XCConfigurationList section */
	};
	rootObject = A300B66A21A8F3ED00762D82 /* Project object */;
}
